
Microsoft Visual Studio Solution File, Format Version 12.00
# Visual Studio Version 17
VisualStudioVersion = 17.14.36105.17
MinimumVisualStudioVersion = 10.0.40219.1
Project("{FAE04EC0-301F-11D3-BF4B-00C04F79EFBC}") = "FaviconMaker", "FaviconMaker.csproj", "{AAEF80A8-4CCF-4F80-8FDE-8164A315CCD8}"
EndProject
Global
	GlobalSection(SolutionConfigurationPlatforms) = preSolution
		Debug|Any CPU = Debug|Any CPU
		Release|Any CPU = Release|Any CPU
	EndGlobalSection
	GlobalSection(ProjectConfigurationPlatforms) = postSolution
		{AAEF80A8-4CCF-4F80-8FDE-8164A315CCD8}.Debug|Any CPU.ActiveCfg = Debug|Any CPU
		{AAEF80A8-4CCF-4F80-8FDE-8164A315CCD8}.Debug|Any CPU.Build.0 = Debug|Any CPU
		{AAEF80A8-4CCF-4F80-8FDE-8164A315CCD8}.Release|Any CPU.ActiveCfg = Release|Any CPU
		{AAEF80A8-4CCF-4F80-8FDE-8164A315CCD8}.Release|Any CPU.Build.0 = Release|Any CPU
	EndGlobalSection
	GlobalSection(SolutionProperties) = preSolution
		HideSolutionNode = FALSE
	EndGlobalSection
	GlobalSection(ExtensibilityGlobals) = postSolution
		SolutionGuid = {F605B91C-80DC-4F40-BA12-5D6C7BA5945E}
	EndGlobalSection
EndGlobal
